
Microsoft Visual Studio Solution File, Format Version 12.00
# Visual Studio 15
Project("{FAE04EC0-301F-11D3-BF4B-00C04F79EFBC}") = "Assembly-CSharp", "Assembly-CSharp.csproj", "{B5F2E01A-D499-E96F-4F19-09CFCCA8FE86}"
EndProject
Project("{FAE04EC0-301F-11D3-BF4B-00C04F79EFBC}") = "Assembly-CSharp-Editor", "Assembly-CSharp-Editor.csproj", "{60C655D8-5826-1C6A-91DB-2D22AD7E75BC}"
EndProject
Global
	GlobalSection(SolutionConfigurationPlatforms) = preSolution
		Debug|Any CPU = Debug|Any CPU
		Release|Any CPU = Release|Any CPU
	EndGlobalSection
	GlobalSection(ProjectConfigurationPlatforms) = postSolution
		{B5F2E01A-D499-E96F-4F19-09CFCCA8FE86}.Debug|Any CPU.ActiveCfg = Debug|Any CPU
		{B5F2E01A-D499-E96F-4F19-09CFCCA8FE86}.Debug|Any CPU.Build.0 = Debug|Any CPU
		{B5F2E01A-D499-E96F-4F19-09CFCCA8FE86}.Release|Any CPU.ActiveCfg = Release|Any CPU
		{B5F2E01A-D499-E96F-4F19-09CFCCA8FE86}.Release|Any CPU.Build.0 = Release|Any CPU
		{60C655D8-5826-1C6A-91DB-2D22AD7E75BC}.Debug|Any CPU.ActiveCfg = Debug|Any CPU
		{60C655D8-5826-1C6A-91DB-2D22AD7E75BC}.Debug|Any CPU.Build.0 = Debug|Any CPU
		{60C655D8-5826-1C6A-91DB-2D22AD7E75BC}.Release|Any CPU.ActiveCfg = Release|Any CPU
		{60C655D8-5826-1C6A-91DB-2D22AD7E75BC}.Release|Any CPU.Build.0 = Release|Any CPU
	EndGlobalSection
	GlobalSection(SolutionProperties) = preSolution
		HideSolutionNode = FALSE
	EndGlobalSection
EndGlobal
